
Microsoft Visual Studio Solution File, Format Version 12.00
# Visual Studio Version 16
VisualStudioVersion = 16.0.32002.261
MinimumVisualStudioVersion = 10.0.40219.1
Project("{FAE04EC0-301F-11D3-BF4B-00C04F79EFBC}") = "OOPFinalProject", "OOPFinalProject\OOPFinalProject.csproj", "{A7BC190D-D32E-4D73-9AE5-899F162DCCB9}"
EndProject
Global
	GlobalSection(SolutionConfigurationPlatforms) = preSolution
		Debug|Any CPU = Debug|Any CPU
		Release|Any CPU = Release|Any CPU
	EndGlobalSection
	GlobalSection(ProjectConfigurationPlatforms) = postSolution
		{A7BC190D-D32E-4D73-9AE5-899F162DCCB9}.Debug|Any CPU.ActiveCfg = Debug|Any CPU
		{A7BC190D-D32E-4D73-9AE5-899F162DCCB9}.Debug|Any CPU.Build.0 = Debug|Any CPU
		{A7BC190D-D32E-4D73-9AE5-899F162DCCB9}.Release|Any CPU.ActiveCfg = Release|Any CPU
		{A7BC190D-D32E-4D73-9AE5-899F162DCCB9}.Release|Any CPU.Build.0 = Release|Any CPU
	EndGlobalSection
	GlobalSection(SolutionProperties) = preSolution
		HideSolutionNode = FALSE
	EndGlobalSection
	GlobalSection(ExtensibilityGlobals) = postSolution
		SolutionGuid = {C5B05A25-8714-4575-8224-91ADE2A05492}
	EndGlobalSection
EndGlobal
